
Microsoft Visual Studio Solution File, Format Version 12.00
# Visual Studio Version 17
VisualStudioVersion = 17.4.33213.308
MinimumVisualStudioVersion = 10.0.40219.1
Project("{9A19103F-16F7-4668-BE54-9A1E7A4F7556}") = "Oopology", "Oopology\Oopology.csproj", "{ED2093CF-6A60-46EF-AE54-22CA35DDCB29}"
EndProject
Project("{FAE04EC0-301F-11D3-BF4B-00C04F79EFBC}") = "Oopology.Tests", "Oopology.Tests\Oopology.Tests.csproj", "{F3114843-F0CE-44CD-84AD-2A560C5A0229}"
EndProject
Global
	GlobalSection(SolutionConfigurationPlatforms) = preSolution
		Debug|Any CPU = Debug|Any CPU
		Release|Any CPU = Release|Any CPU
	EndGlobalSection
	GlobalSection(ProjectConfigurationPlatforms) = postSolution
		{ED2093CF-6A60-46EF-AE54-22CA35DDCB29}.Debug|Any CPU.ActiveCfg = Debug|Any CPU
		{ED2093CF-6A60-46EF-AE54-22CA35DDCB29}.Debug|Any CPU.Build.0 = Debug|Any CPU
		{ED2093CF-6A60-46EF-AE54-22CA35DDCB29}.Release|Any CPU.ActiveCfg = Release|Any CPU
		{ED2093CF-6A60-46EF-AE54-22CA35DDCB29}.Release|Any CPU.Build.0 = Release|Any CPU
		{F3114843-F0CE-44CD-84AD-2A560C5A0229}.Debug|Any CPU.ActiveCfg = Debug|Any CPU
		{F3114843-F0CE-44CD-84AD-2A560C5A0229}.Debug|Any CPU.Build.0 = Debug|Any CPU
		{F3114843-F0CE-44CD-84AD-2A560C5A0229}.Release|Any CPU.ActiveCfg = Release|Any CPU
		{F3114843-F0CE-44CD-84AD-2A560C5A0229}.Release|Any CPU.Build.0 = Release|Any CPU
	EndGlobalSection
	GlobalSection(SolutionProperties) = preSolution
		HideSolutionNode = FALSE
	EndGlobalSection
	GlobalSection(ExtensibilityGlobals) = postSolution
		SolutionGuid = {0A256153-25D2-4A31-AF28-370BBE923D80}
	EndGlobalSection
EndGlobal
